dependencies:
- name: common
  repository: https://charts.bitnami.com/bitnami
  version: 1.13.0
- name: api-admin
  repository: file://charts/api-admin
  version: 0.1.0
- name: service-datasource
  repository: file://charts/service-datasource
  version: 0.1.0
digest: sha256:4f19c575bcb29d9f1497a23b1811654ddde526e58a8ca267ed69275d938adbc2
generated: "2022-09-16T19:14:10.116223258+07:00"
